{
  "name": "@landicefu/alias-ex",
  "version": "0.0.2",
  "lockfileVersion": 3,
  "requires": true,
  "packages": {
    "": {
      "name": "@landicefu/alias-ex",
      "version": "0.0.2",
      "license": "MIT",
      "bin": {
        "ax": "bin/ax"
      },
      "engines": {
        "node": ">=14.0.0"
      }
    }
  }
}
